
Microsoft Visual Studio Solution File, Format Version 12.00
# Visual Studio Version 17
VisualStudioVersion = 17.3.32922.545
MinimumVisualStudioVersion = 10.0.40219.1
Project("{FAE04EC0-301F-11D3-BF4B-00C04F79EFBC}") = "JobPortal2", "JobPortal2.csproj", "{56C04E0D-283F-4FE9-B3A8-F3EB6FB13A44}"
EndProject
Global
	GlobalSection(SolutionConfigurationPlatforms) = preSolution
		Debug|Any CPU = Debug|Any CPU
		Release|Any CPU = Release|Any CPU
	EndGlobalSection
	GlobalSection(ProjectConfigurationPlatforms) = postSolution
		{56C04E0D-283F-4FE9-B3A8-F3EB6FB13A44}.Debug|Any CPU.ActiveCfg = Debug|Any CPU
		{56C04E0D-283F-4FE9-B3A8-F3EB6FB13A44}.Debug|Any CPU.Build.0 = Debug|Any CPU
		{56C04E0D-283F-4FE9-B3A8-F3EB6FB13A44}.Release|Any CPU.ActiveCfg = Release|Any CPU
		{56C04E0D-283F-4FE9-B3A8-F3EB6FB13A44}.Release|Any CPU.Build.0 = Release|Any CPU
	EndGlobalSection
	GlobalSection(SolutionProperties) = preSolution
		HideSolutionNode = FALSE
	EndGlobalSection
	GlobalSection(ExtensibilityGlobals) = postSolution
		SolutionGuid = {7A884E27-CB30-4D46-80C0-ABAA23664717}
	EndGlobalSection
EndGlobal
